// !$*UTF8*$!
{
	archiveVersion = 1;
	classes = {
	};
	objectVersion = 50;
	objects = {

/* Begin PBXBuildFile section */
		26FCF770211D71C9008C0919 /* AppDelegate.m in Sources */ = {isa = PBXBuildFile; fileRef = 26FCF76F211D71C9008C0919 /* AppDelegate.m */; };
		26FCF773211D71C9008C0919 /* ViewController.m in Sources */ = {isa = PBXBuildFile; fileRef = 26FCF772211D71C9008C0919 /* ViewController.m */; };
		26FCF776211D71C9008C0919 /* Main.storyboard in Resources */ = {isa = PBXBuildFile; fileRef = 26FCF774211D71C9008C0919 /* Main.storyboard */; };
		26FCF778211D71CB008C0919 /* Assets.xcassets in Resources */ = {isa = PBXBuildFile; fileRef = 26FCF777211D71CB008C0919 /* Assets.xcassets */; };
		26FCF77B211D71CB008C0919 /* LaunchScreen.storyboard in Resources */ = {isa = PBXBuildFile; fileRef = 26FCF779211D71CB008C0919 /* LaunchScreen.storyboard */; };
		26FCF77E211D71CB008C0919 /* main.m in Sources */ = {isa = PBXBuildFile; fileRef = 26FCF77D211D71CB008C0919 /* main.m */; };
/* End PBXBuildFile section */

/* Begin PBXFileReference section */
		26FCF76B211D71C9008C0919 /* Demo4CocoaPodsTool.app */ = {isa = PBXFileReference; explicitFileType = wrapper.application; includeInIndex = 0; path = Demo4CocoaPodsTool.app; sourceTree = BUILT_PRODUCTS_DIR; };
		26FCF76E211D71C9008C0919 /* AppDelegate.h */ = {isa = PBXFileReference; lastKnownFileType = sourcecode.c.h; path = AppDelegate.h; sourceTree = "<group>"; };
		26FCF76F211D71C9008C0919 /* AppDelegate.m */ = {isa = PBXFileReference; lastKnownFileType = sourcecode.c.objc; path = AppDelegate.m; sourceTree = "<group>"; };
		26FCF771211D71C9008C0919 /* ViewController.h */ = {isa = PBXFileReference; lastKnownFileType = sourcecode.c.h; path = ViewController.h; sourceTree = "<group>"; };
		26FCF772211D71C9008C0919 /* ViewController.m */ = {isa = PBXFileReference; lastKnownFileType = sourcecode.c.objc; path = ViewController.m; sourceTree = "<group>"; };
		26FCF775211D71C9008C0919 /* Base */ = {isa = PBXFileReference; lastKnownFileType = file.storyboard; name = Base; path = Base.lproj/Main.storyboard; sourceTree = "<group>"; };
		26FCF777211D71CB008C0919 /* Assets.xcassets */ = {isa = PBXFileReference; lastKnownFileType = folder.assetcatalog; path = Assets.xcassets; sourceTree = "<group>"; };
		26FCF77A211D71CB008C0919 /* Base */ = {isa = PBXFileReference; lastKnownFileType = file.storyboard; name = Base; path = Base.lproj/LaunchScreen.storyboard; sourceTree = "<group>"; };
		26FCF77C211D71CB008C0919 /* Info.plist */ = {isa = PBXFileReference; lastKnownFileType = text.plist.xml; path = Info.plist; sourceTree = "<group>"; };
		26FCF77D211D71CB008C0919 /* main.m */ = {isa = PBXFileReference; lastKnownFileType = sourcecode.c.objc; path = main.m; sourceTree = "<group>"; };
/* End PBXFileReference section */

/* Begin PBXFrameworksBuildPhase section */
		26FCF768211D71C9008C0919 /* Frameworks */ = {
			isa = PBXFrameworksBuildPhase;
			buildActionMask = 2147483647;
			files = (
			);
			runOnlyForDeploymentPostprocessing = 0;
		};
/* End PBXFrameworksBuildPhase section */

/* Begin PBXGroup section */
		26FCF762211D71C9008C0919 = {
			isa = PBXGroup;
			children = (
				26FCF76D211D71C9008C0919 /* Demo4CocoaPodsTool */,
				26FCF76C211D71C9008C0919 /* Products */,
			);
			sourceTree = "<group>";
		};
		26FCF76C211D71C9008C0919 /* Products */ = {
			isa = PBXGroup;
			children = (
				26FCF76B211D71C9008C0919 /* Demo4CocoaPodsTool.app */,
			);
			name = Products;
			sourceTree = "<group>";
		};
		26FCF76D211D71C9008C0919 /* Demo4CocoaPodsTool */ = {
			isa = PBXGroup;
			children = (
				26FCF76E211D71C9008C0919 /* AppDelegate.h */,
				26FCF76F211D71C9008C0919 /* AppDelegate.m */,
				26FCF771211D71C9008C0919 /* ViewController.h */,
				26FCF772211D71C9008C0919 /* ViewController.m */,
				26FCF774211D71C9008C0919 /* Main.storyboard */,
				26FCF777211D71CB008C0919 /* Assets.xcassets */,
				26FCF779211D71CB008C0919 /* LaunchScreen.storyboard */,
				26FCF77C211D71CB008C0919 /* Info.plist */,
				26FCF77D211D71CB008C0919 /* main.m */,
			);
			path = Demo4CocoaPodsTool;
			sourceTree = "<group>";
		};
/* End PBXGroup section */

/* Begin PBXNativeTarget section */
		26FCF76A211D71C9008C0919 /* Demo4CocoaPodsTool */ = {
			isa = PBXNativeTarget;
			buildConfigurationList = 26FCF781211D71CB008C0919 /* Build configuration list for PBXNativeTarget "Demo4CocoaPodsTool" */;
			buildPhases = (
				26FCF767211D71C9008C0919 /* Sources */,
				26FCF768211D71C9008C0919 /* Frameworks */,
				26FCF769211D71C9008C0919 /* Resources */,
			);
			buildRules = (
			);
			dependencies = (
			);
			name = Demo4CocoaPodsTool;
			productName = Demo4CocoaPodsTool;
			productReference = 26FCF76B211D71C9008C0919 /* Demo4CocoaPodsTool.app */;
			productType = "com.apple.product-type.application";
		};
/* End PBXNativeTarget section */

/* Begin PBXProject section */
		26FCF763211D71C9008C0919 /* Project object */ = {
			isa = PBXProject;
			attributes = {
				LastUpgradeCheck = 1000;
				ORGANIZATIONNAME = com.babybus;
				TargetAttributes = {
					26FCF76A211D71C9008C0919 = {
						CreatedOnToolsVersion = 10.0;
					};
				};
			};
			buildConfigurationList = 26FCF766211D71C9008C0919 /* Build configuration list for PBXProject "Demo4CocoaPodsTool" */;
			compatibilityVersion = "Xcode 9.3";
			developmentRegion = en;
			hasScannedForEncodings = 0;
			knownRegions = (
				en,
				Base,
			);
			mainGroup = 26FCF762211D71C9008C0919;
			productRefGroup = 26FCF76C211D71C9008C0919 /* Products */;
			projectDirPath = "";
			projectRoot = "";
			targets = (
				26FCF76A211D71C9008C0919 /* Demo4CocoaPodsTool */,
			);
		};
/* End PBXProject section */

/* Begin PBXResourcesBuildPhase section */
		26FCF769211D71C9008C0919 /* Resources */ = {
			isa = PBXResourcesBuildPhase;
			buildActionMask = 2147483647;
			files = (
				26FCF77B211D71CB008C0919 /* LaunchScreen.storyboard in Resources */,
				26FCF778211D71CB008C0919 /* Assets.xcassets in Resources */,
				26FCF776211D71C9008C0919 /* Main.storyboard in Resources */,
			);
			runOnlyForDeploymentPostprocessing = 0;
		};
/* End PBXResourcesBuildPhase section */

/* Begin PBXSourcesBuildPhase section */
		26FCF767211D71C9008C0919 /* Sources */ = {
			isa = PBXSourcesBuildPhase;
			buildActionMask = 2147483647;
			files = (
				26FCF773211D71C9008C0919 /* ViewController.m in Sources */,
				26FCF77E211D71CB008C0919 /* main.m in Sources */,
				26FCF770211D71C9008C0919 /* AppDelegate.m in Sources */,
			);
			runOnlyForDeploymentPostprocessing = 0;
		};
/* End PBXSourcesBuildPhase section */

/* Begin PBXVariantGroup section */
		26FCF774211D71C9008C0919 /* Main.storyboard */ = {
			isa = PBXVariantGroup;
			children = (
				26FCF775211D71C9008C0919 /* Base */,
			);
			name = Main.storyboard;
			sourceTree = "<group>";
		};
		26FCF779211D71CB008C0919 /* LaunchScreen.storyboard */ = {
			isa = PBXVariantGroup;
			children = (
				26FCF77A211D71CB008C0919 /* Base */,
			);
			name = LaunchScreen.storyboard;
			sourceTree = "<group>";
		};
/* End PBXVariantGroup section */

/* Begin XCBuildConfiguration section */
		26FCF77F211D71CB008C0919 /* Debug */ = {
			isa = XCBuildConfiguration;
			buildSettings = {
				ALWAYS_SEARCH_USER_PATHS = NO;
				CLANG_ANALYZER_NONNULL = YES;
				CLANG_ANALYZER_NUMBER_OBJECT_CONVERSION = YES_AGGRESSIVE;
				CLANG_CXX_LANGUAGE_STANDARD = "gnu++14";
				CLANG_CXX_LIBRARY = "libc++";
				CLANG_ENABLE_MODULES = YES;
				CLANG_ENABLE_OBJC_ARC = YES;
				CLANG_ENABLE_OBJC_WEAK = YES;
				CLANG_WARN_BLOCK_CAPTURE_AUTORELEASING = YES;
				CLANG_WARN_BOOL_CONVERSION = YES;
				CLANG_WARN_COMMA = YES;
				CLANG_WARN_CONSTANT_CONVERSION = YES;
				CLANG_WARN_DEPRECATED_OBJC_IMPLEMENTATIONS = YES;
				CLANG_WARN_DIRECT_OBJC_ISA_USAGE = YES_ERROR;
				CLANG_WARN_DOCUMENTATION_COMMENTS = YES;
				CLANG_WARN_EMPTY_BODY = YES;
				CLANG_WARN_ENUM_CONVERSION = YES;
				CLANG_WARN_INFINITE_RECURSION = YES;
				CLANG_WARN_INT_CONVERSION = YES;
				CLANG_WARN_NON_LITERAL_NULL_CONVERSION = YES;
				CLANG_WARN_OBJC_IMPLICIT_RETAIN_SELF = YES;
				CLANG_WARN_OBJC_LITERAL_CONVERSION = YES;
				CLANG_WARN_OBJC_ROOT_CLASS = YES_ERROR;
				CLANG_WARN_RANGE_LOOP_ANALYSIS = YES;
				CLANG_WARN_STRICT_PROTOTYPES = YES;
				CLANG_WARN_SUSPICIOUS_MOVE = YES;
				CLANG_WARN_UNGUARDED_AVAILABILITY = YES_AGGRESSIVE;
				CLANG_WARN_UNREACHABLE_CODE = YES;
				CLANG_WARN__DUPLICATE_METHOD_MATCH = YES;
				CODE_SIGN_IDENTITY = "iPhone Developer";
				COPY_PHASE_STRIP = NO;
				DEBUG_INFORMATION_FORMAT = dwarf;
				ENABLE_STRICT_OBJC_MSGSEND = YES;
				ENABLE_TESTABILITY = YES;
				GCC_C_LANGUAGE_STANDARD = gnu11;
				GCC_DYNAMIC_NO_PIC = NO;
				GCC_NO_COMMON_BLOCKS = YES;
				GCC_OPTIMIZATION_LEVEL = 0;
				GCC_PREPROCESSOR_DEFINITIONS = (
					"DEBUG=1",
					"$(inherited)",
				);
				GCC_WARN_64_TO_32_BIT_CONVERSION = YES;
				GCC_WARN_ABOUT_RETURN_TYPE = YES_ERROR;
				GCC_WARN_UNDECLARED_SELECTOR = YES;
				GCC_WARN_UNINITIALIZED_AUTOS = YES_AGGRESSIVE;
				GCC_WARN_UNUSED_FUNCTION = YES;
				GCC_WARN_UNUSED_VARIABLE = YES;
				IPHONEOS_DEPLOYMENT_TARGET = 12.0;
				MTL_ENABLE_DEBUG_INFO = INCLUDE_SOURCE;
				MTL_FAST_MATH = YES;
				ONLY_ACTIVE_ARCH = YES;
				SDKROOT = iphoneos;
			};
			name = Debug;
		};
		26FCF780211D71CB008C0919 /* Release */ = {
			isa = XCBuildConfiguration;
			buildSettings = {
				ALWAYS_SEARCH_USER_PATHS = NO;
				CLANG_ANALYZER_NONNULL = YES;
				CLANG_ANALYZER_NUMBER_OBJECT_CONVERSION = YES_AGGRESSIVE;
				CLANG_CXX_LANGUAGE_STANDARD = "gnu++14";
				CLANG_CXX_LIBRARY = "libc++";
				CLANG_ENABLE_MODULES = YES;
				CLANG_ENABLE_OBJC_ARC = YES;
				CLANG_ENABLE_OBJC_WEAK = YES;
				CLANG_WARN_BLOCK_CAPTURE_AUTORELEASING = YES;
				CLANG_WARN_BOOL_CONVERSION = YES;
				CLANG_WARN_COMMA = YES;
				CLANG_WARN_CONSTANT_CONVERSION = YES;
				CLANG_WARN_DEPRECATED_OBJC_IMPLEMENTATIONS = YES;
				CLANG_WARN_DIRECT_OBJC_ISA_USAGE = YES_ERROR;
				CLANG_WARN_DOCUMENTATION_COMMENTS = YES;
				CLANG_WARN_EMPTY_BODY = YES;
				CLANG_WARN_ENUM_CONVERSION = YES;
				CLANG_WARN_INFINITE_RECURSION = YES;
				CLANG_WARN_INT_CONVERSION = YES;
				CLANG_WARN_NON_LITERAL_NULL_CONVERSION = YES;
				CLANG_WARN_OBJC_IMPLICIT_RETAIN_SELF = YES;
				CLANG_WARN_OBJC_LITERAL_CONVERSION = YES;
				CLANG_WARN_OBJC_ROOT_CLASS = YES_ERROR;
				CLANG_WARN_RANGE_LOOP_ANALYSIS = YES;
				CLANG_WARN_STRICT_PROTOTYPES = YES;
				CLANG_WARN_SUSPICIOUS_MOVE = YES;
				CLANG_WARN_UNGUARDED_AVAILABILITY = YES_AGGRESSIVE;
				CLANG_WARN_UNREACHABLE_CODE = YES;
				CLANG_WARN__DUPLICATE_METHOD_MATCH = YES;
				CODE_SIGN_IDENTITY = "iPhone Developer";
				COPY_PHASE_STRIP = NO;
				DEBUG_INFORMATION_FORMAT = "dwarf-with-dsym";
				ENABLE_NS_ASSERTIONS = NO;
				ENABLE_STRICT_OBJC_MSGSEND = YES;
				GCC_C_LANGUAGE_STANDARD = gnu11;
				GCC_NO_COMMON_BLOCKS = YES;
				GCC_WARN_64_TO_32_BIT_CONVERSION = YES;
				GCC_WARN_ABOUT_RETURN_TYPE = YES_ERROR;
				GCC_WARN_UNDECLARED_SELECTOR = YES;
				GCC_WARN_UNINITIALIZED_AUTOS = YES_AGGRESSIVE;
				GCC_WARN_UNUSED_FUNCTION = YES;
				GCC_WARN_UNUSED_VARIABLE = YES;
				IPHONEOS_DEPLOYMENT_TARGET = 12.0;
				MTL_ENABLE_DEBUG_INFO = NO;
				MTL_FAST_MATH = YES;
				SDKROOT = iphoneos;
				VALIDATE_PRODUCT = YES;
			};
			name = Release;
		};
		26FCF782211D71CB008C0919 /* Debug */ = {
			isa = XCBuildConfiguration;
			buildSettings = {
				ASSETCATALOG_COMPILER_APPICON_NAME = AppIcon;
				CODE_SIGN_STYLE = Automatic;
				DEVELOPMENT_TEAM = PPQFW8738B;
				INFOPLIST_FILE = Demo4CocoaPodsTool/Info.plist;
				LD_RUNPATH_SEARCH_PATHS = (
					"$(inherited)",
					"@executable_path/Frameworks",
				);
				PRODUCT_BUNDLE_IDENTIFIER = com.yuyang.Demo4CocoaPodsTool;
				PRODUCT_NAME = "$(TARGET_NAME)";
				TARGETED_DEVICE_FAMILY = "1,2";
			};
			name = Debug;
		};
		26FCF783211D71CB008C0919 /* Release */ = {
			isa = XCBuildConfiguration;
			buildSettings = {
				ASSETCATALOG_COMPILER_APPICON_NAME = AppIcon;
				CODE_SIGN_STYLE = Automatic;
				DEVELOPMENT_TEAM = PPQFW8738B;
				INFOPLIST_FILE = Demo4CocoaPodsTool/Info.plist;
				LD_RUNPATH_SEARCH_PATHS = (
					"$(inherited)",
					"@executable_path/Frameworks",
				);
				PRODUCT_BUNDLE_IDENTIFIER = com.yuyang.Demo4CocoaPodsTool;
				PRODUCT_NAME = "$(TARGET_NAME)";
				TARGETED_DEVICE_FAMILY = "1,2";
			};
			name = Release;
		};
/* End XCBuildConfiguration section */

/* Begin XCConfigurationList section */
		26FCF766211D71C9008C0919 /* Build configuration list for PBXProject "Demo4CocoaPodsTool" */ = {
			isa = XCConfigurationList;
			buildConfigurations = (
				26FCF77F211D71CB008C0919 /* Debug */,
				26FCF780211D71CB008C0919 /* Release */,
			);
			defaultConfigurationIsVisible = 0;
			defaultConfigurationName = Release;
		};
		26FCF781211D71CB008C0919 /* Build configuration list for PBXNativeTarget "Demo4CocoaPodsTool" */ = {
			isa = XCConfigurationList;
			buildConfigurations = (
				26FCF782211D71CB008C0919 /* Debug */,
				26FCF783211D71CB008C0919 /* Release */,
			);
			defaultConfigurationIsVisible = 0;
			defaultConfigurationName = Release;
		};
/* End XCConfigurationList section */
	};
	rootObject = 26FCF763211D71C9008C0919 /* Project object */;
}
